
Microsoft Visual Studio Solution File, Format Version 12.00
# Visual Studio 14
VisualStudioVersion = 14.0.25420.1
MinimumVisualStudioVersion = 10.0.40219.1
Project("{8BC9CEB8-8B4A-11D0-8D11-00A0C91BC942}") = "Server", "Server\Server.vcxproj", "{F8A6C4AC-5821-4F57-AF1B-D30127FCEE90}"
EndProject
Project("{8BC9CEB8-8B4A-11D0-8D11-00A0C91BC942}") = "Client", "Client\Client.vcxproj", "{453F33D2-6784-4927-96B9-E928C433AECC}"
EndProject
Project("{2150E333-8FDC-42A3-9474-1A3956D46DE8}") = "Working", "Working", "{859679F7-A891-4761-B0E1-BFECB909B879}"
EndProject
Project("{FAE04EC0-301F-11D3-BF4B-00C04F79EFBC}") = "wpfClient", "..\..\..\..\..\..\..\Desktop\wpfClient\wpfClient.csproj", "{0EA68CA2-C62F-414A-8EFD-3DE15F7C93BE}"
EndProject
Global
	GlobalSection(SolutionConfigurationPlatforms) = preSolution
		Debug|Any CPU = Debug|Any CPU
		Debug|x64 = Debug|x64
		Debug|x86 = Debug|x86
		Release|Any CPU = Release|Any CPU
		Release|x64 = Release|x64
		Release|x86 = Release|x86
	EndGlobalSection
	GlobalSection(ProjectConfigurationPlatforms) = postSolution
		{F8A6C4AC-5821-4F57-AF1B-D30127FCEE90}.Debug|Any CPU.ActiveCfg = Debug|Win32
		{F8A6C4AC-5821-4F57-AF1B-D30127FCEE90}.Debug|x64.ActiveCfg = Debug|x64
		{F8A6C4AC-5821-4F57-AF1B-D30127FCEE90}.Debug|x64.Build.0 = Debug|x64
		{F8A6C4AC-5821-4F57-AF1B-D30127FCEE90}.Debug|x86.ActiveCfg = Debug|Win32
		{F8A6C4AC-5821-4F57-AF1B-D30127FCEE90}.Debug|x86.Build.0 = Debug|Win32
		{F8A6C4AC-5821-4F57-AF1B-D30127FCEE90}.Release|Any CPU.ActiveCfg = Release|Win32
		{F8A6C4AC-5821-4F57-AF1B-D30127FCEE90}.Release|x64.ActiveCfg = Release|x64
		{F8A6C4AC-5821-4F57-AF1B-D30127FCEE90}.Release|x64.Build.0 = Release|x64
		{F8A6C4AC-5821-4F57-AF1B-D30127FCEE90}.Release|x86.ActiveCfg = Release|Win32
		{F8A6C4AC-5821-4F57-AF1B-D30127FCEE90}.Release|x86.Build.0 = Release|Win32
		{453F33D2-6784-4927-96B9-E928C433AECC}.Debug|Any CPU.ActiveCfg = Debug|Win32
		{453F33D2-6784-4927-96B9-E928C433AECC}.Debug|x64.ActiveCfg = Debug|x64
		{453F33D2-6784-4927-96B9-E928C433AECC}.Debug|x64.Build.0 = Debug|x64
		{453F33D2-6784-4927-96B9-E928C433AECC}.Debug|x86.ActiveCfg = Debug|Win32
		{453F33D2-6784-4927-96B9-E928C433AECC}.Debug|x86.Build.0 = Debug|Win32
		{453F33D2-6784-4927-96B9-E928C433AECC}.Release|Any CPU.ActiveCfg = Release|Win32
		{453F33D2-6784-4927-96B9-E928C433AECC}.Release|x64.ActiveCfg = Release|x64
		{453F33D2-6784-4927-96B9-E928C433AECC}.Release|x64.Build.0 = Release|x64
		{453F33D2-6784-4927-96B9-E928C433AECC}.Release|x86.ActiveCfg = Release|Win32
		{453F33D2-6784-4927-96B9-E928C433AECC}.Release|x86.Build.0 = Release|Win32
		{0EA68CA2-C62F-414A-8EFD-3DE15F7C93BE}.Debug|Any CPU.ActiveCfg = Debug|Any CPU
		{0EA68CA2-C62F-414A-8EFD-3DE15F7C93BE}.Debug|Any CPU.Build.0 = Debug|Any CPU
		{0EA68CA2-C62F-414A-8EFD-3DE15F7C93BE}.Debug|x64.ActiveCfg = Debug|Any CPU
		{0EA68CA2-C62F-414A-8EFD-3DE15F7C93BE}.Debug|x64.Build.0 = Debug|Any CPU
		{0EA68CA2-C62F-414A-8EFD-3DE15F7C93BE}.Debug|x86.ActiveCfg = Debug|Any CPU
		{0EA68CA2-C62F-414A-8EFD-3DE15F7C93BE}.Debug|x86.Build.0 = Debug|Any CPU
		{0EA68CA2-C62F-414A-8EFD-3DE15F7C93BE}.Release|Any CPU.ActiveCfg = Release|Any CPU
		{0EA68CA2-C62F-414A-8EFD-3DE15F7C93BE}.Release|Any CPU.Build.0 = Release|Any CPU
		{0EA68CA2-C62F-414A-8EFD-3DE15F7C93BE}.Release|x64.ActiveCfg = Release|Any CPU
		{0EA68CA2-C62F-414A-8EFD-3DE15F7C93BE}.Release|x64.Build.0 = Release|Any CPU
		{0EA68CA2-C62F-414A-8EFD-3DE15F7C93BE}.Release|x86.ActiveCfg = Release|Any CPU
		{0EA68CA2-C62F-414A-8EFD-3DE15F7C93BE}.Release|x86.Build.0 = Release|Any CPU
	EndGlobalSection
	GlobalSection(SolutionProperties) = preSolution
		HideSolutionNode = FALSE
	EndGlobalSection
	GlobalSection(NestedProjects) = preSolution
		{F8A6C4AC-5821-4F57-AF1B-D30127FCEE90} = {859679F7-A891-4761-B0E1-BFECB909B879}
		{453F33D2-6784-4927-96B9-E928C433AECC} = {859679F7-A891-4761-B0E1-BFECB909B879}
		{0EA68CA2-C62F-414A-8EFD-3DE15F7C93BE} = {859679F7-A891-4761-B0E1-BFECB909B879}
	EndGlobalSection
EndGlobal
